
Microsoft Visual Studio Solution File, Format Version 12.00
# Visual Studio 15
VisualStudioVersion = 15.0.28307.329
MinimumVisualStudioVersion = 10.0.40219.1
Project("{FAE04EC0-301F-11D3-BF4B-00C04F79EFBC}") = "TimHangSoKapreka", "TimHangSoKapreka\TimHangSoKapreka.csproj", "{9324817E-623E-4410-8024-43280F08EE9F}"
EndProject
Global
	GlobalSection(SolutionConfigurationPlatforms) = preSolution
		Debug|Any CPU = Debug|Any CPU
		Release|Any CPU = Release|Any CPU
	EndGlobalSection
	GlobalSection(ProjectConfigurationPlatforms) = postSolution
		{9324817E-623E-4410-8024-43280F08EE9F}.Debug|Any CPU.ActiveCfg = Debug|Any CPU
		{9324817E-623E-4410-8024-43280F08EE9F}.Debug|Any CPU.Build.0 = Debug|Any CPU
		{9324817E-623E-4410-8024-43280F08EE9F}.Release|Any CPU.ActiveCfg = Release|Any CPU
		{9324817E-623E-4410-8024-43280F08EE9F}.Release|Any CPU.Build.0 = Release|Any CPU
	EndGlobalSection
	GlobalSection(SolutionProperties) = preSolution
		HideSolutionNode = FALSE
	EndGlobalSection
	GlobalSection(ExtensibilityGlobals) = postSolution
		SolutionGuid = {E01CE97B-E673-4B22-820F-394D784EF829}
	EndGlobalSection
EndGlobal
