
Microsoft Visual Studio Solution File, Format Version 12.00
# Visual Studio 2013
VisualStudioVersion = 12.0.21005.1
MinimumVisualStudioVersion = 10.0.40219.1
Project("{FAE04EC0-301F-11D3-BF4B-00C04F79EFBC}") = "BT10_Trang86", "BT10_Trang86\BT10_Trang86.csproj", "{AA1ADEBA-FB58-43B1-892E-5C2FE526D800}"
EndProject
Global
	GlobalSection(SolutionConfigurationPlatforms) = preSolution
		Debug|Any CPU = Debug|Any CPU
		Release|Any CPU = Release|Any CPU
	EndGlobalSection
	GlobalSection(ProjectConfigurationPlatforms) = postSolution
		{AA1ADEBA-FB58-43B1-892E-5C2FE526D800}.Debug|Any CPU.ActiveCfg = Debug|Any CPU
		{AA1ADEBA-FB58-43B1-892E-5C2FE526D800}.Debug|Any CPU.Build.0 = Debug|Any CPU
		{AA1ADEBA-FB58-43B1-892E-5C2FE526D800}.Release|Any CPU.ActiveCfg = Release|Any CPU
		{AA1ADEBA-FB58-43B1-892E-5C2FE526D800}.Release|Any CPU.Build.0 = Release|Any CPU
	EndGlobalSection
	GlobalSection(SolutionProperties) = preSolution
		HideSolutionNode = FALSE
	EndGlobalSection
EndGlobal
