
Microsoft Visual Studio Solution File, Format Version 12.00
# Visual Studio Version 16
VisualStudioVersion = 16.0.29709.97
MinimumVisualStudioVersion = 10.0.40219.1
Project("{FAE04EC0-301F-11D3-BF4B-00C04F79EFBC}") = "MinhHoa_Anonymous", "MinhHoa_Anonymous\MinhHoa_Anonymous.csproj", "{CC01AF10-163E-47F2-A920-55DBC69092B0}"
EndProject
Project("{FAE04EC0-301F-11D3-BF4B-00C04F79EFBC}") = "MinhHoa_Dynamic", "MinhHoa_Dynamic\MinhHoa_Dynamic.csproj", "{ADD331A1-45FA-4C10-A4B4-B263686EAE78}"
EndProject
Global
	GlobalSection(SolutionConfigurationPlatforms) = preSolution
		Debug|Any CPU = Debug|Any CPU
		Release|Any CPU = Release|Any CPU
	EndGlobalSection
	GlobalSection(ProjectConfigurationPlatforms) = postSolution
		{CC01AF10-163E-47F2-A920-55DBC69092B0}.Debug|Any CPU.ActiveCfg = Debug|Any CPU
		{CC01AF10-163E-47F2-A920-55DBC69092B0}.Debug|Any CPU.Build.0 = Debug|Any CPU
		{CC01AF10-163E-47F2-A920-55DBC69092B0}.Release|Any CPU.ActiveCfg = Release|Any CPU
		{CC01AF10-163E-47F2-A920-55DBC69092B0}.Release|Any CPU.Build.0 = Release|Any CPU
		{ADD331A1-45FA-4C10-A4B4-B263686EAE78}.Debug|Any CPU.ActiveCfg = Debug|Any CPU
		{ADD331A1-45FA-4C10-A4B4-B263686EAE78}.Debug|Any CPU.Build.0 = Debug|Any CPU
		{ADD331A1-45FA-4C10-A4B4-B263686EAE78}.Release|Any CPU.ActiveCfg = Release|Any CPU
		{ADD331A1-45FA-4C10-A4B4-B263686EAE78}.Release|Any CPU.Build.0 = Release|Any CPU
	EndGlobalSection
	GlobalSection(SolutionProperties) = preSolution
		HideSolutionNode = FALSE
	EndGlobalSection
	GlobalSection(ExtensibilityGlobals) = postSolution
		SolutionGuid = {B3F6257B-81C1-449E-ADA7-FAD487022879}
	EndGlobalSection
EndGlobal
