
Microsoft Visual Studio Solution File, Format Version 12.00
# Visual Studio Version 16
VisualStudioVersion = 16.0.29709.97
MinimumVisualStudioVersion = 10.0.40219.1
Project("{FAE04EC0-301F-11D3-BF4B-00C04F79EFBC}") = "MinhHoa_Event", "MinhHoa_Event\MinhHoa_Event.csproj", "{7B8C3073-55D6-46D7-B7C1-DE9923DEE499}"
EndProject
Global
	GlobalSection(SolutionConfigurationPlatforms) = preSolution
		Debug|Any CPU = Debug|Any CPU
		Release|Any CPU = Release|Any CPU
	EndGlobalSection
	GlobalSection(ProjectConfigurationPlatforms) = postSolution
		{7B8C3073-55D6-46D7-B7C1-DE9923DEE499}.Debug|Any CPU.ActiveCfg = Debug|Any CPU
		{7B8C3073-55D6-46D7-B7C1-DE9923DEE499}.Debug|Any CPU.Build.0 = Debug|Any CPU
		{7B8C3073-55D6-46D7-B7C1-DE9923DEE499}.Release|Any CPU.ActiveCfg = Release|Any CPU
		{7B8C3073-55D6-46D7-B7C1-DE9923DEE499}.Release|Any CPU.Build.0 = Release|Any CPU
	EndGlobalSection
	GlobalSection(SolutionProperties) = preSolution
		HideSolutionNode = FALSE
	EndGlobalSection
	GlobalSection(ExtensibilityGlobals) = postSolution
		SolutionGuid = {1B41CA4C-5189-4F90-A0B2-261FD7BF5289}
	EndGlobalSection
EndGlobal
