
Microsoft Visual Studio Solution File, Format Version 12.00
# Visual Studio Version 16
VisualStudioVersion = 16.0.29709.97
MinimumVisualStudioVersion = 10.0.40219.1
Project("{FAE04EC0-301F-11D3-BF4B-00C04F79EFBC}") = "MinhHoa_Lambda", "MinhHoa_Lambda\MinhHoa_Lambda.csproj", "{3F663F6A-C3AA-4466-B7B6-4ED6965D59FB}"
EndProject
Global
	GlobalSection(SolutionConfigurationPlatforms) = preSolution
		Debug|Any CPU = Debug|Any CPU
		Release|Any CPU = Release|Any CPU
	EndGlobalSection
	GlobalSection(ProjectConfigurationPlatforms) = postSolution
		{3F663F6A-C3AA-4466-B7B6-4ED6965D59FB}.Debug|Any CPU.ActiveCfg = Debug|Any CPU
		{3F663F6A-C3AA-4466-B7B6-4ED6965D59FB}.Debug|Any CPU.Build.0 = Debug|Any CPU
		{3F663F6A-C3AA-4466-B7B6-4ED6965D59FB}.Release|Any CPU.ActiveCfg = Release|Any CPU
		{3F663F6A-C3AA-4466-B7B6-4ED6965D59FB}.Release|Any CPU.Build.0 = Release|Any CPU
	EndGlobalSection
	GlobalSection(SolutionProperties) = preSolution
		HideSolutionNode = FALSE
	EndGlobalSection
	GlobalSection(ExtensibilityGlobals) = postSolution
		SolutionGuid = {8904C480-E381-4AA5-816C-E9F7016BEF24}
	EndGlobalSection
EndGlobal
